
Microsoft Visual Studio Solution File, Format Version 12.00
# Visual Studio Version 17
VisualStudioVersion = 17.8.34525.116
MinimumVisualStudioVersion = 10.0.40219.1
Project("{FAE04EC0-301F-11D3-BF4B-00C04F79EFBC}") = "IChibanGameServer", "IChibanGameServer.csproj", "{C2358502-FEB2-48A8-9362-CBBA2F2E680F}"
EndProject
Global
	GlobalSection(SolutionConfigurationPlatforms) = preSolution
		Debug|Any CPU = Debug|Any CPU
		Release|Any CPU = Release|Any CPU
	EndGlobalSection
	GlobalSection(ProjectConfigurationPlatforms) = postSolution
		{C2358502-FEB2-48A8-9362-CBBA2F2E680F}.Debug|Any CPU.ActiveCfg = Debug|Any CPU
		{C2358502-FEB2-48A8-9362-CBBA2F2E680F}.Debug|Any CPU.Build.0 = Debug|Any CPU
		{C2358502-FEB2-48A8-9362-CBBA2F2E680F}.Release|Any CPU.ActiveCfg = Release|Any CPU
		{C2358502-FEB2-48A8-9362-CBBA2F2E680F}.Release|Any CPU.Build.0 = Release|Any CPU
	EndGlobalSection
	GlobalSection(SolutionProperties) = preSolution
		HideSolutionNode = FALSE
	EndGlobalSection
	GlobalSection(ExtensibilityGlobals) = postSolution
		SolutionGuid = {68121233-ABAD-4A55-AEAC-DE5242745084}
	EndGlobalSection
EndGlobal
